{
  "projects": [
    {
      "projectId": "68wGqrWvUbUk9uG76N3xHk",
      "version": "latest",
      "dependencies": {},
      "lang": "js",
      "fileLocks": [
        {
          "type": "globalVariant",
          "assetId": "vuY9frfZKLWci",
          "checksum": "32fc5731fe0cf2ca8a96bd882dc9ca5e"
        },
        {
          "type": "renderModule",
          "assetId": "mBD5GJn-hYl-",
          "checksum": "e2a015a64ec1d2c41c3db42512f57048"
        },
        {
          "type": "cssRules",
          "assetId": "mBD5GJn-hYl-",
          "checksum": "e2a015a64ec1d2c41c3db42512f57048"
        },
        {
          "type": "renderModule",
          "assetId": "VLILcNzR_Q",
          "checksum": "bc368b5953a1fa1cd04712c68bb2e2fd"
        },
        {
          "type": "cssRules",
          "assetId": "VLILcNzR_Q",
          "checksum": "bc368b5953a1fa1cd04712c68bb2e2fd"
        },
        {
          "type": "renderModule",
          "assetId": "UCG438gq_ly",
          "checksum": "ef3f60ba0dddcbf5cb392ca73e14899e"
        },
        {
          "type": "cssRules",
          "assetId": "UCG438gq_ly",
          "checksum": "ef3f60ba0dddcbf5cb392ca73e14899e"
        },
        {
          "type": "renderModule",
          "assetId": "UzcYFC-NJii",
          "checksum": "349d3dcf3bf05df6bdddf2c0840a95f5"
        },
        {
          "type": "cssRules",
          "assetId": "UzcYFC-NJii",
          "checksum": "349d3dcf3bf05df6bdddf2c0840a95f5"
        },
        {
          "type": "icon",
          "assetId": "ppcK-LiUA7",
          "checksum": "250df55c88faf2bdde59a10e01eab55e"
        },
        {
          "type": "icon",
          "assetId": "gYo0rjvqId9",
          "checksum": "f0dccdc7195a7f24af74122493874b66"
        },
        {
          "type": "icon",
          "assetId": "XoAtNs3eY9L",
          "checksum": "a123b1ec5689f0d33ef5f398aaac0edf"
        },
        {
          "type": "icon",
          "assetId": "M1v116-IU5V",
          "checksum": "50287236224079d6c0f8406e8063fa6f"
        },
        {
          "type": "image",
          "assetId": "hLPlPGDim",
          "checksum": "bed35e9f1e2614347fa2ec4a7522c2f0"
        },
        {
          "type": "image",
          "assetId": "ex_skfXvU",
          "checksum": "b967090b94e960b93f24d72596bf70d7"
        },
        {
          "type": "image",
          "assetId": "cyEWdgYSm",
          "checksum": "520ded4f4453acc5b1cbed7f87df8864"
        },
        {
          "type": "renderModule",
          "assetId": "RhhJfeaiI6H",
          "checksum": "baf219d630842586e409d5a94fb74d86"
        },
        {
          "type": "cssRules",
          "assetId": "RhhJfeaiI6H",
          "checksum": "baf219d630842586e409d5a94fb74d86"
        },
        {
          "type": "renderModule",
          "assetId": "JUWhA5Wcld",
          "checksum": "7224094f558e016320a22f03e8894073"
        },
        {
          "type": "cssRules",
          "assetId": "JUWhA5Wcld",
          "checksum": "7224094f558e016320a22f03e8894073"
        },
        {
          "type": "renderModule",
          "assetId": "S-p5LAwNsG",
          "checksum": "ff712d39667db076164c172a7bebb0c9"
        },
        {
          "type": "cssRules",
          "assetId": "S-p5LAwNsG",
          "checksum": "ff712d39667db076164c172a7bebb0c9"
        },
        {
          "type": "renderModule",
          "assetId": "mI1RRebNRD",
          "checksum": "a2af9c077caf7107fdb844617f0e8fbb"
        },
        {
          "type": "cssRules",
          "assetId": "mI1RRebNRD",
          "checksum": "a2af9c077caf7107fdb844617f0e8fbb"
        },
        {
          "type": "renderModule",
          "assetId": "NK-xeF1iGEb",
          "checksum": "329c3d1863359be28b37bc5869bfb076"
        },
        {
          "type": "cssRules",
          "assetId": "NK-xeF1iGEb",
          "checksum": "329c3d1863359be28b37bc5869bfb076"
        },
        {
          "type": "renderModule",
          "assetId": "afAqDb_LEdS",
          "checksum": "175963e6c7ad9d8ade3e3510ba974592"
        },
        {
          "type": "cssRules",
          "assetId": "afAqDb_LEdS",
          "checksum": "175963e6c7ad9d8ade3e3510ba974592"
        },
        {
          "type": "renderModule",
          "assetId": "t5yBiOJTZxA",
          "checksum": "9cdcc9c504b3429852c7db0f4188c49f"
        },
        {
          "type": "cssRules",
          "assetId": "t5yBiOJTZxA",
          "checksum": "9cdcc9c504b3429852c7db0f4188c49f"
        },
        {
          "type": "renderModule",
          "assetId": "UDeAWj7UYyA",
          "checksum": "439f137ffb65e04a8e2ba8abcc5b790e"
        },
        {
          "type": "cssRules",
          "assetId": "UDeAWj7UYyA",
          "checksum": "439f137ffb65e04a8e2ba8abcc5b790e"
        },
        {
          "type": "icon",
          "assetId": "yM2GaSPcV-C",
          "checksum": "20478ba3a0999d82f157e6208a4102a8"
        },
        {
          "type": "icon",
          "assetId": "AwB6ajW8Um-",
          "checksum": "2de198acda6bc936e5c38e1e05d0cbf2"
        },
        {
          "type": "icon",
          "assetId": "BPmiJDyKosq",
          "checksum": "26b1e14bb767ad427ba45446c3ee2577"
        },
        {
          "type": "image",
          "assetId": "t35-ygcjt",
          "checksum": "d640c1a8e9dec67827a0c28f849c40dc"
        },
        {
          "type": "image",
          "assetId": "9WV2_XXCk",
          "checksum": "e25d5e43e3af0dee72f18c74cabc049c"
        },
        {
          "type": "renderModule",
          "assetId": "0RHyvgnmPT",
          "checksum": "0bdb8e81ec030f8542644cca7547d7e4"
        },
        {
          "type": "cssRules",
          "assetId": "0RHyvgnmPT",
          "checksum": "0bdb8e81ec030f8542644cca7547d7e4"
        },
        {
          "assetId": "68wGqrWvUbUk9uG76N3xHk",
          "type": "projectCss",
          "checksum": "5df94e71293c034de593c6887f04255a"
        }
      ],
      "codegenVersion": "0.0.1"
    }
  ],
  "cliVersion": "0.1.182"
}
